Microsoft Visual Studio Solution File, Format Version 12.00
# Visual Studio Version 17
VisualStudioVersion = 17.5.2.0
MinimumVisualStudioVersion = 10.0.40219.1
Project("{FAE04EC0-301F-11D3-BF4B-00C04F79EFBC}") = "ScreenRecorder.Net", "ScreenRecorder.Net.csproj", "{3E5FC1DA-10FB-CD9F-BE8D-04FA31F7BEC8}"
EndProject
Global
	GlobalSection(SolutionConfigurationPlatforms) = preSolution
		Debug|Any CPU = Debug|Any CPU
		Release|Any CPU = Release|Any CPU
	EndGlobalSection
	GlobalSection(ProjectConfigurationPlatforms) = postSolution
		{3E5FC1DA-10FB-CD9F-BE8D-04FA31F7BEC8}.Debug|Any CPU.ActiveCfg = Debug|Any CPU
		{3E5FC1DA-10FB-CD9F-BE8D-04FA31F7BEC8}.Debug|Any CPU.Build.0 = Debug|Any CPU
		{3E5FC1DA-10FB-CD9F-BE8D-04FA31F7BEC8}.Release|Any CPU.ActiveCfg = Release|Any CPU
		{3E5FC1DA-10FB-CD9F-BE8D-04FA31F7BEC8}.Release|Any CPU.Build.0 = Release|Any CPU
	EndGlobalSection
	GlobalSection(SolutionProperties) = preSolution
		HideSolutionNode = FALSE
	EndGlobalSection
	GlobalSection(ExtensibilityGlobals) = postSolution
		SolutionGuid = {900F5D9E-0622-4C61-B846-902B84115FA1}
	EndGlobalSection
EndGlobal
